
Microsoft Visual Studio Solution File, Format Version 12.00
# Visual Studio Version 17
VisualStudioVersion = 17.7.34202.233
MinimumVisualStudioVersion = 10.0.40219.1
Project("{8BC9CEB8-8B4A-11D0-8D11-00A0C91BC942}") = "stg-heap", "stg-heap\stg-heap.vcxproj", "{43F36C16-3FEC-480A-9121-85473D5BA902}"
EndProject
Project("{8BC9CEB8-8B4A-11D0-8D11-00A0C91BC942}") = "HeapTests", "HeapTests\HeapTests.vcxproj", "{35E602FB-727E-4DFB-88A2-018E8FDDEA5F}"
EndProject
Project("{2150E333-8FDC-42A3-9474-1A3956D46DE8}") = "Solution Items", "Solution Items", "{A5EBDA06-C12F-47AF-8F85-A5264EC05DDA}"
	ProjectSection(SolutionItems) = preProject
		gitlab-ci.yml = gitlab-ci.yml
		README.md = README.md
	EndProjectSection
EndProject
Global
	GlobalSection(SolutionConfigurationPlatforms) = preSolution
		Debug|x64 = Debug|x64
		Debug|x86 = Debug|x86
		Release|x64 = Release|x64
		Release|x86 = Release|x86
	EndGlobalSection
	GlobalSection(ProjectConfigurationPlatforms) = postSolution
		{43F36C16-3FEC-480A-9121-85473D5BA902}.Debug|x64.ActiveCfg = Debug|x64
		{43F36C16-3FEC-480A-9121-85473D5BA902}.Debug|x64.Build.0 = Debug|x64
		{43F36C16-3FEC-480A-9121-85473D5BA902}.Debug|x86.ActiveCfg = Debug|Win32
		{43F36C16-3FEC-480A-9121-85473D5BA902}.Debug|x86.Build.0 = Debug|Win32
		{43F36C16-3FEC-480A-9121-85473D5BA902}.Release|x64.ActiveCfg = Release|x64
		{43F36C16-3FEC-480A-9121-85473D5BA902}.Release|x64.Build.0 = Release|x64
		{43F36C16-3FEC-480A-9121-85473D5BA902}.Release|x86.ActiveCfg = Release|Win32
		{43F36C16-3FEC-480A-9121-85473D5BA902}.Release|x86.Build.0 = Release|Win32
		{35E602FB-727E-4DFB-88A2-018E8FDDEA5F}.Debug|x64.ActiveCfg = Debug|x64
		{35E602FB-727E-4DFB-88A2-018E8FDDEA5F}.Debug|x64.Build.0 = Debug|x64
		{35E602FB-727E-4DFB-88A2-018E8FDDEA5F}.Debug|x86.ActiveCfg = Debug|Win32
		{35E602FB-727E-4DFB-88A2-018E8FDDEA5F}.Debug|x86.Build.0 = Debug|Win32
		{35E602FB-727E-4DFB-88A2-018E8FDDEA5F}.Release|x64.ActiveCfg = Release|x64
		{35E602FB-727E-4DFB-88A2-018E8FDDEA5F}.Release|x64.Build.0 = Release|x64
		{35E602FB-727E-4DFB-88A2-018E8FDDEA5F}.Release|x86.ActiveCfg = Release|Win32
		{35E602FB-727E-4DFB-88A2-018E8FDDEA5F}.Release|x86.Build.0 = Release|Win32
	EndGlobalSection
	GlobalSection(SolutionProperties) = preSolution
		HideSolutionNode = FALSE
	EndGlobalSection
	GlobalSection(ExtensibilityGlobals) = postSolution
		SolutionGuid = {78E84C01-C9E0-451F-B465-A6A8B7DF8A6B}
	EndGlobalSection
EndGlobal
